
Microsoft Visual Studio Solution File, Format Version 12.00
# Visual Studio Version 17
VisualStudioVersion = 17.0.31903.59
MinimumVisualStudioVersion = 10.0.40219.1
Project("{2150E333-8FDC-42A3-9474-1A3956D46DE8}") = "src", "src", "{827E0CD3-B72D-47B6-A68D-7590B98EB39B}"
EndProject
Project("{FAE04EC0-301F-11D3-BF4B-00C04F79EFBC}") = "faker-api", "src\faker-api\faker-api.csproj", "{A7D32A5E-4905-4A9E-AC03-6CF1A1999A2F}"
EndProject
Project("{FAE04EC0-301F-11D3-BF4B-00C04F79EFBC}") = "gemini-client", "src\gemini-client\gemini-client.csproj", "{FF622DEE-8DA1-4500-9543-3781043F526C}"
EndProject
Project("{FAE04EC0-301F-11D3-BF4B-00C04F79EFBC}") = "faker-cli", "src\faker-cli\faker-cli.csproj", "{FAF6484D-2435-440A-A42B-4FD042AFFB5A}"
EndProject
Global
	GlobalSection(SolutionConfigurationPlatforms) = preSolution
		Debug|Any CPU = Debug|Any CPU
		Debug|x64 = Debug|x64
		Debug|x86 = Debug|x86
		Release|Any CPU = Release|Any CPU
		Release|x64 = Release|x64
		Release|x86 = Release|x86
	EndGlobalSection
	GlobalSection(ProjectConfigurationPlatforms) = postSolution
		{A7D32A5E-4905-4A9E-AC03-6CF1A1999A2F}.Debug|Any CPU.ActiveCfg = Debug|Any CPU
		{A7D32A5E-4905-4A9E-AC03-6CF1A1999A2F}.Debug|Any CPU.Build.0 = Debug|Any CPU
		{A7D32A5E-4905-4A9E-AC03-6CF1A1999A2F}.Debug|x64.ActiveCfg = Debug|Any CPU
		{A7D32A5E-4905-4A9E-AC03-6CF1A1999A2F}.Debug|x64.Build.0 = Debug|Any CPU
		{A7D32A5E-4905-4A9E-AC03-6CF1A1999A2F}.Debug|x86.ActiveCfg = Debug|Any CPU
		{A7D32A5E-4905-4A9E-AC03-6CF1A1999A2F}.Debug|x86.Build.0 = Debug|Any CPU
		{A7D32A5E-4905-4A9E-AC03-6CF1A1999A2F}.Release|Any CPU.ActiveCfg = Release|Any CPU
		{A7D32A5E-4905-4A9E-AC03-6CF1A1999A2F}.Release|Any CPU.Build.0 = Release|Any CPU
		{A7D32A5E-4905-4A9E-AC03-6CF1A1999A2F}.Release|x64.ActiveCfg = Release|Any CPU
		{A7D32A5E-4905-4A9E-AC03-6CF1A1999A2F}.Release|x64.Build.0 = Release|Any CPU
		{A7D32A5E-4905-4A9E-AC03-6CF1A1999A2F}.Release|x86.ActiveCfg = Release|Any CPU
		{A7D32A5E-4905-4A9E-AC03-6CF1A1999A2F}.Release|x86.Build.0 = Release|Any CPU
		{FF622DEE-8DA1-4500-9543-3781043F526C}.Debug|Any CPU.ActiveCfg = Debug|Any CPU
		{FF622DEE-8DA1-4500-9543-3781043F526C}.Debug|Any CPU.Build.0 = Debug|Any CPU
		{FF622DEE-8DA1-4500-9543-3781043F526C}.Debug|x64.ActiveCfg = Debug|Any CPU
		{FF622DEE-8DA1-4500-9543-3781043F526C}.Debug|x64.Build.0 = Debug|Any CPU
		{FF622DEE-8DA1-4500-9543-3781043F526C}.Debug|x86.ActiveCfg = Debug|Any CPU
		{FF622DEE-8DA1-4500-9543-3781043F526C}.Debug|x86.Build.0 = Debug|Any CPU
		{FF622DEE-8DA1-4500-9543-3781043F526C}.Release|Any CPU.ActiveCfg = Release|Any CPU
		{FF622DEE-8DA1-4500-9543-3781043F526C}.Release|Any CPU.Build.0 = Release|Any CPU
		{FF622DEE-8DA1-4500-9543-3781043F526C}.Release|x64.ActiveCfg = Release|Any CPU
		{FF622DEE-8DA1-4500-9543-3781043F526C}.Release|x64.Build.0 = Release|Any CPU
		{FF622DEE-8DA1-4500-9543-3781043F526C}.Release|x86.ActiveCfg = Release|Any CPU
		{FF622DEE-8DA1-4500-9543-3781043F526C}.Release|x86.Build.0 = Release|Any CPU
		{FAF6484D-2435-440A-A42B-4FD042AFFB5A}.Debug|Any CPU.ActiveCfg = Debug|Any CPU
		{FAF6484D-2435-440A-A42B-4FD042AFFB5A}.Debug|Any CPU.Build.0 = Debug|Any CPU
		{FAF6484D-2435-440A-A42B-4FD042AFFB5A}.Debug|x64.ActiveCfg = Debug|Any CPU
		{FAF6484D-2435-440A-A42B-4FD042AFFB5A}.Debug|x64.Build.0 = Debug|Any CPU
		{FAF6484D-2435-440A-A42B-4FD042AFFB5A}.Debug|x86.ActiveCfg = Debug|Any CPU
		{FAF6484D-2435-440A-A42B-4FD042AFFB5A}.Debug|x86.Build.0 = Debug|Any CPU
		{FAF6484D-2435-440A-A42B-4FD042AFFB5A}.Release|Any CPU.ActiveCfg = Release|Any CPU
		{FAF6484D-2435-440A-A42B-4FD042AFFB5A}.Release|Any CPU.Build.0 = Release|Any CPU
		{FAF6484D-2435-440A-A42B-4FD042AFFB5A}.Release|x64.ActiveCfg = Release|Any CPU
		{FAF6484D-2435-440A-A42B-4FD042AFFB5A}.Release|x64.Build.0 = Release|Any CPU
		{FAF6484D-2435-440A-A42B-4FD042AFFB5A}.Release|x86.ActiveCfg = Release|Any CPU
		{FAF6484D-2435-440A-A42B-4FD042AFFB5A}.Release|x86.Build.0 = Release|Any CPU
	EndGlobalSection
	GlobalSection(SolutionProperties) = preSolution
		HideSolutionNode = FALSE
	EndGlobalSection
	GlobalSection(NestedProjects) = preSolution
		{A7D32A5E-4905-4A9E-AC03-6CF1A1999A2F} = {827E0CD3-B72D-47B6-A68D-7590B98EB39B}
		{FF622DEE-8DA1-4500-9543-3781043F526C} = {827E0CD3-B72D-47B6-A68D-7590B98EB39B}
		{FAF6484D-2435-440A-A42B-4FD042AFFB5A} = {827E0CD3-B72D-47B6-A68D-7590B98EB39B}
	EndGlobalSection
EndGlobal
